// !$*UTF8*$!
{
	archiveVersion = 1;
	classes = {
	};
	objectVersion = 50;
	objects = {

/* Begin PBXBuildFile section */
		373CDBA068625F79430F54C4 /* Pods_JudgementDayUITests.framework in Frameworks */ = {isa = PBXBuildFile; fileRef = C7A88AC3AE7A6295EA2CB4EA /* Pods_JudgementDayUITests.framework */; };
		8500C783225EEA84004597BC /* CreateCompetitionViewController.swift in Sources */ = {isa = PBXBuildFile; fileRef = 8500C782225EEA84004597BC /* CreateCompetitionViewController.swift */; };
		8500C7852263FBA0004597BC /* CompetitionCell.xib in Resources */ = {isa = PBXBuildFile; fileRef = 8500C7842263FBA0004597BC /* CompetitionCell.xib */; };
		8500C7872263FBBE004597BC /* EventCell.xib in Resources */ = {isa = PBXBuildFile; fileRef = 8500C7862263FBBE004597BC /* EventCell.xib */; };
		8500C7892263FC6B004597BC /* EventCell.swift in Sources */ = {isa = PBXBuildFile; fileRef = 8500C7882263FC6B004597BC /* EventCell.swift */; };
		8500C78B2264072C004597BC /* CompetitionCell.swift in Sources */ = {isa = PBXBuildFile; fileRef = 8500C78A2264072C004597BC /* CompetitionCell.swift */; };
		8500C78D22655CA6004597BC /* User.storyboard in Resources */ = {isa = PBXBuildFile; fileRef = 8500C78C22655CA6004597BC /* User.storyboard */; };
		8500C79022655E88004597BC /* UserListViewController.swift in Sources */ = {isa = PBXBuildFile; fileRef = 8500C78F22655E88004597BC /* UserListViewController.swift */; };
		8500C79222655EE8004597BC /* UserCell.xib in Resources */ = {isa = PBXBuildFile; fileRef = 8500C79122655EE8004597BC /* UserCell.xib */; };
		8500C79422655F20004597BC /* UserCell.swift in Sources */ = {isa = PBXBuildFile; fileRef = 8500C79322655F20004597BC /* UserCell.swift */; };
		85027A6722583A0B009038B6 /* CompetitionAndScoreCard.storyboard in Resources */ = {isa = PBXBuildFile; fileRef = 85027A6622583A0B009038B6 /* CompetitionAndScoreCard.storyboard */; };
		8508E918225EBA27005AF5C3 /* Event.storyboard in Resources */ = {isa = PBXBuildFile; fileRef = 8508E917225EBA27005AF5C3 /* Event.storyboard */; };
		8508E91A225EC335005AF5C3 /* CreateEventViewController.swift in Sources */ = {isa = PBXBuildFile; fileRef = 8508E919225EC335005AF5C3 /* CreateEventViewController.swift */; };
		8526FC762259705300614132 /* UserAccount.storyboard in Resources */ = {isa = PBXBuildFile; fileRef = 8526FC752259705300614132 /* UserAccount.storyboard */; };
		8526FC782259708B00614132 /* WatchListViewController.swift in Sources */ = {isa = PBXBuildFile; fileRef = 8526FC772259708B00614132 /* WatchListViewController.swift */; };
		8526FC7B225970E200614132 /* WatchList.storyboard in Resources */ = {isa = PBXBuildFile; fileRef = 8526FC7A225970E200614132 /* WatchList.storyboard */; };
		8526FC81225977F300614132 /* UserAccountViewController.swift in Sources */ = {isa = PBXBuildFile; fileRef = 8526FC80225977F300614132 /* UserAccountViewController.swift */; };
		8526FC8322597A9C00614132 /* CreateTeamViewController.swift in Sources */ = {isa = PBXBuildFile; fileRef = 8526FC8222597A9C00614132 /* CreateTeamViewController.swift */; };
		8526FC8522598C0400614132 /* RegisteredParticipantsCell.xib in Resources */ = {isa = PBXBuildFile; fileRef = 8526FC8422598C0400614132 /* RegisteredParticipantsCell.xib */; };
		8526FC8922598F1E00614132 /* RegisteredParticipantCell.swift in Sources */ = {isa = PBXBuildFile; fileRef = 8526FC8822598F1E00614132 /* RegisteredParticipantCell.swift */; };
		8526FC8B2259905D00614132 /* TeamMemberCell.swift in Sources */ = {isa = PBXBuildFile; fileRef = 8526FC8A2259905D00614132 /* TeamMemberCell.swift */; };
		8526FC8D225990A000614132 /* TeamMemberCell.xib in Resources */ = {isa = PBXBuildFile; fileRef = 8526FC8C225990A000614132 /* TeamMemberCell.xib */; };
		85424A8E2255894F00E08BBE /* ScoreCardViewController.swift in Sources */ = {isa = PBXBuildFile; fileRef = 85424A8D2255894F00E08BBE /* ScoreCardViewController.swift */; };
		85424A9122558B6700E08BBE /* ScoreCardCell.xib in Resources */ = {isa = PBXBuildFile; fileRef = 85424A9022558B6700E08BBE /* ScoreCardCell.xib */; };
		85424A9322558D3F00E08BBE /* ScoreCardCell.swift in Sources */ = {isa = PBXBuildFile; fileRef = 85424A9222558D3F00E08BBE /* ScoreCardCell.swift */; };
		8542D1B52256E8E300A8FBBE /* CompetitionListViewController.swift in Sources */ = {isa = PBXBuildFile; fileRef = 8542D1B42256E8E300A8FBBE /* CompetitionListViewController.swift */; };
		8542D1B72256FB0A00A8FBBE /* EventsListViewController.swift in Sources */ = {isa = PBXBuildFile; fileRef = 8542D1B62256FB0A00A8FBBE /* EventsListViewController.swift */; };
		85A33A6B225A572100E3E7EA /* seats.jpg in Resources */ = {isa = PBXBuildFile; fileRef = 85A33A6A225A572000E3E7EA /* seats.jpg */; };
		9A19930322544D0C00CC13AE /* InsertNewUser.swift in Sources */ = {isa = PBXBuildFile; fileRef = 9A19930222544D0C00CC13AE /* InsertNewUser.swift */; };
		9A199307225450E500CC13AE /* LambdaBase.swift in Sources */ = {isa = PBXBuildFile; fileRef = 9A199306225450E500CC13AE /* LambdaBase.swift */; };
		9A334623222E1686003005B8 /* User+CoreDataClass.swift in Sources */ = {isa = PBXBuildFile; fileRef = 9A334621222E1686003005B8 /* User+CoreDataClass.swift */; };
		9A334624222E1686003005B8 /* User+CoreDataProperties.swift in Sources */ = {isa = PBXBuildFile; fileRef = 9A334622222E1686003005B8 /* User+CoreDataProperties.swift */; };
		9A356975225EBB5700F0B36E /* DownloadUser.swift in Sources */ = {isa = PBXBuildFile; fileRef = 9A356974225EBB5700F0B36E /* DownloadUser.swift */; };
		9A3569772263DE7F00F0B36E /* InsertNewEvent.swift in Sources */ = {isa = PBXBuildFile; fileRef = 9A3569762263DE7F00F0B36E /* InsertNewEvent.swift */; };
		9A64890E2263F4BA00483633 /* Event+CoreDataClass.swift in Sources */ = {isa = PBXBuildFile; fileRef = 9A64890A2263F4BA00483633 /* Event+CoreDataClass.swift */; };
		9A64890F2263F4BA00483633 /* Event+CoreDataProperties.swift in Sources */ = {isa = PBXBuildFile; fileRef = 9A64890B2263F4BA00483633 /* Event+CoreDataProperties.swift */; };
		9A6489102263F4BA00483633 /* Competition+CoreDataClass.swift in Sources */ = {isa = PBXBuildFile; fileRef = 9A64890C2263F4BA00483633 /* Competition+CoreDataClass.swift */; };
		9A6489112263F4BA00483633 /* Competition+CoreDataProperties.swift in Sources */ = {isa = PBXBuildFile; fileRef = 9A64890D2263F4BA00483633 /* Competition+CoreDataProperties.swift */; };
		9AB638442259313C00400810 /* LoginUser.swift in Sources */ = {isa = PBXBuildFile; fileRef = 9AB638432259313C00400810 /* LoginUser.swift */; };
		9AB63847225AA19900400810 /* fa-regular-400.ttf in Resources */ = {isa = PBXBuildFile; fileRef = 9AB63846225AA19900400810 /* fa-regular-400.ttf */; };
		9AB63849225AA1AA00400810 /* fa-solid-900.ttf in Resources */ = {isa = PBXBuildFile; fileRef = 9AB63848225AA1AA00400810 /* fa-solid-900.ttf */; };
		9AB6384B225C4E6700400810 /* EntityInteractor.swift in Sources */ = {isa = PBXBuildFile; fileRef = 9AB6384A225C4E6700400810 /* EntityInteractor.swift */; };
		9ACF018C221E377900BB1A87 /* AppDelegate.swift in Sources */ = {isa = PBXBuildFile; fileRef = 9ACF018B221E377900BB1A87 /* AppDelegate.swift */; };
		9ACF018E221E377900BB1A87 /* ViewController.swift in Sources */ = {isa = PBXBuildFile; fileRef = 9ACF018D221E377900BB1A87 /* ViewController.swift */; };
		9ACF0191221E377900BB1A87 /* Main.storyboard in Resources */ = {isa = PBXBuildFile; fileRef = 9ACF018F221E377900BB1A87 /* Main.storyboard */; };
		9ACF0194221E377900BB1A87 /* JudgementDay.xcdatamodeld in Sources */ = {isa = PBXBuildFile; fileRef = 9ACF0192221E377900BB1A87 /* JudgementDay.xcdatamodeld */; };
		9ACF0196221E377B00BB1A87 /* profile_img.jpg in Resources */ = {isa = PBXBuildFile; fileRef = 9ACF0195221E377B00BB1A87 /* profile_img.jpg */; };
		9ACF0199221E377B00BB1A87 /* LaunchScreen.storyboard in Resources */ = {isa = PBXBuildFile; fileRef = 9ACF0197221E377B00BB1A87 /* LaunchScreen.storyboard */; };
		9ACF01A4221E377B00BB1A87 /* JudgementDayTests.swift in Sources */ = {isa = PBXBuildFile; fileRef = 9ACF01A3221E377B00BB1A87 /* JudgementDayTests.swift */; };
		9ACF01AF221E377B00BB1A87 /* JudgementDayUITests.swift in Sources */ = {isa = PBXBuildFile; fileRef = 9ACF01AE221E377B00BB1A87 /* JudgementDayUITests.swift */; };
		9AE1D07C222399D3005932D8 /* LogInViewController.swift in Sources */ = {isa = PBXBuildFile; fileRef = 9AE1D07B222399D3005932D8 /* LogInViewController.swift */; };
		9AE1D07E222399EF005932D8 /* NewUserViewController.swift in Sources */ = {isa = PBXBuildFile; fileRef = 9AE1D07D222399EF005932D8 /* NewUserViewController.swift */; };
		9AF23A0422224CB0001A1C39 /* Extensions.swift in Sources */ = {isa = PBXBuildFile; fileRef = 9AF23A0322224CB0001A1C39 /* Extensions.swift */; };
		9AF9321422558CDC0068BE3B /* Protocols.swift in Sources */ = {isa = PBXBuildFile; fileRef = 9AF9321322558CDC0068BE3B /* Protocols.swift */; };
		9AF932162255C3AD0068BE3B /* Authenticate.swift in Sources */ = {isa = PBXBuildFile; fileRef = 9AF932152255C3AD0068BE3B /* Authenticate.swift */; };
		DDF45B419F6BF3F62DA291AE /* Pods_JudgementDay.framework in Frameworks */ = {isa = PBXBuildFile; fileRef = 32A432DDCDA97ECBF6AF3B12 /* Pods_JudgementDay.framework */; };
		E2B81C1F4580B06E79B6AAAE /* Pods_JudgementDayTests.framework in Frameworks */ = {isa = PBXBuildFile; fileRef = 5A0C0AF3E50285D3EEE3BDCB /* Pods_JudgementDayTests.framework */; };
/* End PBXBuildFile section */

/* Begin PBXContainerItemProxy section */
		9ACF01A0221E377B00BB1A87 /* PBXContainerItemProxy */ = {
			isa = PBXContainerItemProxy;
			containerPortal = 9ACF0180221E377900BB1A87 /* Project object */;
			proxyType = 1;
			remoteGlobalIDString = 9ACF0187221E377900BB1A87;
			remoteInfo = JudgementDay;
		};
		9ACF01AB221E377B00BB1A87 /* PBXContainerItemProxy */ = {
			isa = PBXContainerItemProxy;
			containerPortal = 9ACF0180221E377900BB1A87 /* Project object */;
			proxyType = 1;
			remoteGlobalIDString = 9ACF0187221E377900BB1A87;
			remoteInfo = JudgementDay;
		};
/* End PBXContainerItemProxy section */

/* Begin PBXFileReference section */
		32A432DDCDA97ECBF6AF3B12 /* Pods_JudgementDay.framework */ = {isa = PBXFileReference; explicitFileType = wrapper.framework; includeInIndex = 0; path = Pods_JudgementDay.framework; sourceTree = BUILT_PRODUCTS_DIR; };
		3E0B2FEC7022335343A7C57B /* Pods-JudgementDay.release.xcconfig */ = {isa = PBXFileReference; includeInIndex = 1; lastKnownFileType = text.xcconfig; name = "Pods-JudgementDay.release.xcconfig"; path = "Target Support Files/Pods-JudgementDay/Pods-JudgementDay.release.xcconfig"; sourceTree = "<group>"; };
		5A0C0AF3E50285D3EEE3BDCB /* Pods_JudgementDayTests.framework */ = {isa = PBXFileReference; explicitFileType = wrapper.framework; includeInIndex = 0; path = Pods_JudgementDayTests.framework; sourceTree = BUILT_PRODUCTS_DIR; };
		7334CBCBEE8B7ACD0370F841 /* Pods-JudgementDayTests.debug.xcconfig */ = {isa = PBXFileReference; includeInIndex = 1; lastKnownFileType = text.xcconfig; name = "Pods-JudgementDayTests.debug.xcconfig"; path = "Target Support Files/Pods-JudgementDayTests/Pods-JudgementDayTests.debug.xcconfig"; sourceTree = "<group>"; };
		733733B8C549B88617170F7D /* Pods-JudgementDay.debug.xcconfig */ = {isa = PBXFileReference; includeInIndex = 1; lastKnownFileType = text.xcconfig; name = "Pods-JudgementDay.debug.xcconfig"; path = "Target Support Files/Pods-JudgementDay/Pods-JudgementDay.debug.xcconfig"; sourceTree = "<group>"; };
		7F50741E4357BB0C63004D5C /* Pods-JudgementDayTests.release.xcconfig */ = {isa = PBXFileReference; includeInIndex = 1; lastKnownFileType = text.xcconfig; name = "Pods-JudgementDayTests.release.xcconfig"; path = "Target Support Files/Pods-JudgementDayTests/Pods-JudgementDayTests.release.xcconfig"; sourceTree = "<group>"; };
		8500C782225EEA84004597BC /* CreateCompetitionViewController.swift */ = {isa = PBXFileReference; lastKnownFileType = sourcecode.swift; path = CreateCompetitionViewController.swift; sourceTree = "<group>"; };
		8500C7842263FBA0004597BC /* CompetitionCell.xib */ = {isa = PBXFileReference; lastKnownFileType = file.xib; path = CompetitionCell.xib; sourceTree = "<group>"; };
		8500C7862263FBBE004597BC /* EventCell.xib */ = {isa = PBXFileReference; lastKnownFileType = file.xib; path = EventCell.xib; sourceTree = "<group>"; };
		8500C7882263FC6B004597BC /* EventCell.swift */ = {isa = PBXFileReference; lastKnownFileType = sourcecode.swift; path = EventCell.swift; sourceTree = "<group>"; };
		8500C78A2264072C004597BC /* CompetitionCell.swift */ = {isa = PBXFileReference; lastKnownFileType = sourcecode.swift; path = CompetitionCell.swift; sourceTree = "<group>"; };
		8500C78C22655CA6004597BC /* User.storyboard */ = {isa = PBXFileReference; lastKnownFileType = file.storyboard; path = User.storyboard; sourceTree = "<group>"; };
		8500C78F22655E88004597BC /* UserListViewController.swift */ = {isa = PBXFileReference; lastKnownFileType = sourcecode.swift; path = UserListViewController.swift; sourceTree = "<group>"; };
		8500C79122655EE8004597BC /* UserCell.xib */ = {isa = PBXFileReference; lastKnownFileType = file.xib; path = UserCell.xib; sourceTree = "<group>"; };
		8500C79322655F20004597BC /* UserCell.swift */ = {isa = PBXFileReference; lastKnownFileType = sourcecode.swift; path = UserCell.swift; sourceTree = "<group>"; };
		85027A6622583A0B009038B6 /* CompetitionAndScoreCard.storyboard */ = {isa = PBXFileReference; lastKnownFileType = file.storyboard; path = CompetitionAndScoreCard.storyboard; sourceTree = "<group>"; };
		8508E917225EBA27005AF5C3 /* Event.storyboard */ = {isa = PBXFileReference; lastKnownFileType = file.storyboard; path = Event.storyboard; sourceTree = "<group>"; };
		8508E919225EC335005AF5C3 /* CreateEventViewController.swift */ = {isa = PBXFileReference; lastKnownFileType = sourcecode.swift; path = CreateEventViewController.swift; sourceTree = "<group>"; };
		8526FC752259705300614132 /* UserAccount.storyboard */ = {isa = PBXFileReference; lastKnownFileType = file.storyboard; path = UserAccount.storyboard; sourceTree = "<group>"; };
		8526FC772259708B00614132 /* WatchListViewController.swift */ = {isa = PBXFileReference; lastKnownFileType = sourcecode.swift; path = WatchListViewController.swift; sourceTree = "<group>"; };
		8526FC7A225970E200614132 /* WatchList.storyboard */ = {isa = PBXFileReference; lastKnownFileType = file.storyboard; path = WatchList.storyboard; sourceTree = "<group>"; };
		8526FC80225977F300614132 /* UserAccountViewController.swift */ = {isa = PBXFileReference; lastKnownFileType = sourcecode.swift; path = UserAccountViewController.swift; sourceTree = "<group>"; };
		8526FC8222597A9C00614132 /* CreateTeamViewController.swift */ = {isa = PBXFileReference; lastKnownFileType = sourcecode.swift; path = CreateTeamViewController.swift; sourceTree = "<group>"; };
		8526FC8422598C0400614132 /* RegisteredParticipantsCell.xib */ = {isa = PBXFileReference; lastKnownFileType = file.xib; path = RegisteredParticipantsCell.xib; sourceTree = "<group>"; };
		8526FC8822598F1E00614132 /* RegisteredParticipantCell.swift */ = {isa = PBXFileReference; lastKnownFileType = sourcecode.swift; path = RegisteredParticipantCell.swift; sourceTree = "<group>"; };
		8526FC8A2259905D00614132 /* TeamMemberCell.swift */ = {isa = PBXFileReference; lastKnownFileType = sourcecode.swift; path = TeamMemberCell.swift; sourceTree = "<group>"; };
		8526FC8C225990A000614132 /* TeamMemberCell.xib */ = {isa = PBXFileReference; lastKnownFileType = file.xib; path = TeamMemberCell.xib; sourceTree = "<group>"; };
		85424A8D2255894F00E08BBE /* ScoreCardViewController.swift */ = {isa = PBXFileReference; lastKnownFileType = sourcecode.swift; path = ScoreCardViewController.swift; sourceTree = "<group>"; };
		85424A9022558B6700E08BBE /* ScoreCardCell.xib */ = {isa = PBXFileReference; lastKnownFileType = file.xib; path = ScoreCardCell.xib; sourceTree = "<group>"; };
		85424A9222558D3F00E08BBE /* ScoreCardCell.swift */ = {isa = PBXFileReference; lastKnownFileType = sourcecode.swift; path = ScoreCardCell.swift; sourceTree = "<group>"; };
		8542D1B42256E8E300A8FBBE /* CompetitionListViewController.swift */ = {isa = PBXFileReference; lastKnownFileType = sourcecode.swift; path = CompetitionListViewController.swift; sourceTree = "<group>"; };
		8542D1B62256FB0A00A8FBBE /* EventsListViewController.swift */ = {isa = PBXFileReference; lastKnownFileType = sourcecode.swift; path = EventsListViewController.swift; sourceTree = "<group>"; };
		85A33A6A225A572000E3E7EA /* seats.jpg */ = {isa = PBXFileReference; lastKnownFileType = image.jpeg; path = seats.jpg; sourceTree = "<group>"; };
		9A19930222544D0C00CC13AE /* InsertNewUser.swift */ = {isa = PBXFileReference; lastKnownFileType = sourcecode.swift; path = InsertNewUser.swift; sourceTree = "<group>"; };
		9A199306225450E500CC13AE /* LambdaBase.swift */ = {isa = PBXFileReference; lastKnownFileType = sourcecode.swift; path = LambdaBase.swift; sourceTree = "<group>"; };
		9A334621222E1686003005B8 /* User+CoreDataClass.swift */ = {isa = PBXFileReference; lastKnownFileType = sourcecode.swift; path = "User+CoreDataClass.swift"; sourceTree = "<group>"; };
		9A334622222E1686003005B8 /* User+CoreDataProperties.swift */ = {isa = PBXFileReference; lastKnownFileType = sourcecode.swift; path = "User+CoreDataProperties.swift"; sourceTree = "<group>"; };
		9A356974225EBB5700F0B36E /* DownloadUser.swift */ = {isa = PBXFileReference; lastKnownFileType = sourcecode.swift; path = DownloadUser.swift; sourceTree = "<group>"; };
		9A3569762263DE7F00F0B36E /* InsertNewEvent.swift */ = {isa = PBXFileReference; lastKnownFileType = sourcecode.swift; path = InsertNewEvent.swift; sourceTree = "<group>"; };
		9A64890A2263F4BA00483633 /* Event+CoreDataClass.swift */ = {isa = PBXFileReference; lastKnownFileType = sourcecode.swift; path = "Event+CoreDataClass.swift"; sourceTree = "<group>"; };
		9A64890B2263F4BA00483633 /* Event+CoreDataProperties.swift */ = {isa = PBXFileReference; lastKnownFileType = sourcecode.swift; path = "Event+CoreDataProperties.swift"; sourceTree = "<group>"; };
		9A64890C2263F4BA00483633 /* Competition+CoreDataClass.swift */ = {isa = PBXFileReference; lastKnownFileType = sourcecode.swift; path = "Competition+CoreDataClass.swift"; sourceTree = "<group>"; };
		9A64890D2263F4BA00483633 /* Competition+CoreDataProperties.swift */ = {isa = PBXFileReference; lastKnownFileType = sourcecode.swift; path = "Competition+CoreDataProperties.swift"; sourceTree = "<group>"; };
		9A7077FD2239D40400D7E836 /* JudgementDay-Bridging-Header.h */ = {isa = PBXFileReference; lastKnownFileType = sourcecode.c.h; path = "JudgementDay-Bridging-Header.h"; sourceTree = "<group>"; };
		9AB638432259313C00400810 /* LoginUser.swift */ = {isa = PBXFileReference; lastKnownFileType = sourcecode.swift; path = LoginUser.swift; sourceTree = "<group>"; };
		9AB63846225AA19900400810 /* fa-regular-400.ttf */ = {isa = PBXFileReference; lastKnownFileType = file; path = "fa-regular-400.ttf"; sourceTree = "<group>"; };
		9AB63848225AA1AA00400810 /* fa-solid-900.ttf */ = {isa = PBXFileReference; lastKnownFileType = file; path = "fa-solid-900.ttf"; sourceTree = "<group>"; };
		9AB6384A225C4E6700400810 /* EntityInteractor.swift */ = {isa = PBXFileReference; lastKnownFileType = sourcecode.swift; path = EntityInteractor.swift; sourceTree = "<group>"; };
		9ACF0188221E377900BB1A87 /* JudgementDay.app */ = {isa = PBXFileReference; explicitFileType = wrapper.application; includeInIndex = 0; path = JudgementDay.app; sourceTree = BUILT_PRODUCTS_DIR; };
		9ACF018B221E377900BB1A87 /* AppDelegate.swift */ = {isa = PBXFileReference; lastKnownFileType = sourcecode.swift; path = AppDelegate.swift; sourceTree = "<group>"; };
		9ACF018D221E377900BB1A87 /* ViewController.swift */ = {isa = PBXFileReference; lastKnownFileType = sourcecode.swift; path = ViewController.swift; sourceTree = "<group>"; };
		9ACF0190221E377900BB1A87 /* Base */ = {isa = PBXFileReference; lastKnownFileType = file.storyboard; name = Base; path = Base.lproj/Main.storyboard; sourceTree = "<group>"; };
		9ACF0193221E377900BB1A87 /* JudgementDay.xcdatamodel */ = {isa = PBXFileReference; lastKnownFileType = wrapper.xcdatamodel; path = JudgementDay.xcdatamodel; sourceTree = "<group>"; };
		9ACF0195221E377B00BB1A87 /* profile_img.jpg */ = {isa = PBXFileReference; lastKnownFileType = image.jpeg; name = profile_img.jpg; path = ../../profile_img.jpg; sourceTree = "<group>"; };
		9ACF0198221E377B00BB1A87 /* Base */ = {isa = PBXFileReference; lastKnownFileType = file.storyboard; name = Base; path = Base.lproj/LaunchScreen.storyboard; sourceTree = "<group>"; };
		9ACF019A221E377B00BB1A87 /* Info.plist */ = {isa = PBXFileReference; lastKnownFileType = text.plist.xml; path = Info.plist; sourceTree = "<group>"; };
		9ACF019F221E377B00BB1A87 /* JudgementDayTests.xctest */ = {isa = PBXFileReference; explicitFileType = wrapper.cfbundle; includeInIndex = 0; path = JudgementDayTests.xctest; sourceTree = BUILT_PRODUCTS_DIR; };
		9ACF01A3221E377B00BB1A87 /* JudgementDayTests.swift */ = {isa = PBXFileReference; lastKnownFileType = sourcecode.swift; path = JudgementDayTests.swift; sourceTree = "<group>"; };
		9ACF01A5221E377B00BB1A87 /* Info.plist */ = {isa = PBXFileReference; lastKnownFileType = text.plist.xml; path = Info.plist; sourceTree = "<group>"; };
		9ACF01AA221E377B00BB1A87 /* JudgementDayUITests.xctest */ = {isa = PBXFileReference; explicitFileType = wrapper.cfbundle; includeInIndex = 0; path = JudgementDayUITests.xctest; sourceTree = BUILT_PRODUCTS_DIR; };
		9ACF01AE221E377B00BB1A87 /* JudgementDayUITests.swift */ = {isa = PBXFileReference; lastKnownFileType = sourcecode.swift; path = JudgementDayUITests.swift; sourceTree = "<group>"; };
		9ACF01B0221E377B00BB1A87 /* Info.plist */ = {isa = PBXFileReference; lastKnownFileType = text.plist.xml; path = Info.plist; sourceTree = "<group>"; };
		9AE1D07B222399D3005932D8 /* LogInViewController.swift */ = {isa = PBXFileReference; lastKnownFileType = sourcecode.swift; path = LogInViewController.swift; sourceTree = "<group>"; };
		9AE1D07D222399EF005932D8 /* NewUserViewController.swift */ = {isa = PBXFileReference; lastKnownFileType = sourcecode.swift; path = NewUserViewController.swift; sourceTree = "<group>"; };
		9AF23A0322224CB0001A1C39 /* Extensions.swift */ = {isa = PBXFileReference; lastKnownFileType = sourcecode.swift; path = Extensions.swift; sourceTree = "<group>"; };
		9AF9321322558CDC0068BE3B /* Protocols.swift */ = {isa = PBXFileReference; lastKnownFileType = sourcecode.swift; path = Protocols.swift; sourceTree = "<group>"; };
		9AF932152255C3AD0068BE3B /* Authenticate.swift */ = {isa = PBXFileReference; lastKnownFileType = sourcecode.swift; path = Authenticate.swift; sourceTree = "<group>"; };
		B635D67A398D3E5B7A9FA8E3 /* Pods-JudgementDayUITests.release.xcconfig */ = {isa = PBXFileReference; includeInIndex = 1; lastKnownFileType = text.xcconfig; name = "Pods-JudgementDayUITests.release.xcconfig"; path = "Target Support Files/Pods-JudgementDayUITests/Pods-JudgementDayUITests.release.xcconfig"; sourceTree = "<group>"; };
		C25CB758B72CFB722068D1C8 /* Pods-JudgementDayUITests.debug.xcconfig */ = {isa = PBXFileReference; includeInIndex = 1; lastKnownFileType = text.xcconfig; name = "Pods-JudgementDayUITests.debug.xcconfig"; path = "Target Support Files/Pods-JudgementDayUITests/Pods-JudgementDayUITests.debug.xcconfig"; sourceTree = "<group>"; };
		C7A88AC3AE7A6295EA2CB4EA /* Pods_JudgementDayUITests.framework */ = {isa = PBXFileReference; explicitFileType = wrapper.framework; includeInIndex = 0; path = Pods_JudgementDayUITests.framework; sourceTree = BUILT_PRODUCTS_DIR; };
/* End PBXFileReference section */

/* Begin PBXFrameworksBuildPhase section */
		9ACF0185221E377900BB1A87 /* Frameworks */ = {
			isa = PBXFrameworksBuildPhase;
			buildActionMask = 2147483647;
			files = (
				DDF45B419F6BF3F62DA291AE /* Pods_JudgementDay.framework in Frameworks */,
			);
			runOnlyForDeploymentPostprocessing = 0;
		};
		9ACF019C221E377B00BB1A87 /* Frameworks */ = {
			isa = PBXFrameworksBuildPhase;
			buildActionMask = 2147483647;
			files = (
				E2B81C1F4580B06E79B6AAAE /* Pods_JudgementDayTests.framework in Frameworks */,
			);
			runOnlyForDeploymentPostprocessing = 0;
		};
		9ACF01A7221E377B00BB1A87 /* Frameworks */ = {
			isa = PBXFrameworksBuildPhase;
			buildActionMask = 2147483647;
			files = (
				373CDBA068625F79430F54C4 /* Pods_JudgementDayUITests.framework in Frameworks */,
			);
			runOnlyForDeploymentPostprocessing = 0;
		};
/* End PBXFrameworksBuildPhase section */

/* Begin PBXGroup section */
		060354CDF3D38592E13F2A48 /* Pods */ = {
			isa = PBXGroup;
			children = (
				733733B8C549B88617170F7D /* Pods-JudgementDay.debug.xcconfig */,
				3E0B2FEC7022335343A7C57B /* Pods-JudgementDay.release.xcconfig */,
				7334CBCBEE8B7ACD0370F841 /* Pods-JudgementDayTests.debug.xcconfig */,
				7F50741E4357BB0C63004D5C /* Pods-JudgementDayTests.release.xcconfig */,
				C25CB758B72CFB722068D1C8 /* Pods-JudgementDayUITests.debug.xcconfig */,
				B635D67A398D3E5B7A9FA8E3 /* Pods-JudgementDayUITests.release.xcconfig */,
			);
			path = Pods;
			sourceTree = "<group>";
		};
		1E836DC61795C81BFEC3914F /* Frameworks */ = {
			isa = PBXGroup;
			children = (
				32A432DDCDA97ECBF6AF3B12 /* Pods_JudgementDay.framework */,
				5A0C0AF3E50285D3EEE3BDCB /* Pods_JudgementDayTests.framework */,
				C7A88AC3AE7A6295EA2CB4EA /* Pods_JudgementDayUITests.framework */,
			);
			name = Frameworks;
			sourceTree = "<group>";
		};
		8500C78E22655CB8004597BC /* User */ = {
			isa = PBXGroup;
			children = (
				8500C78C22655CA6004597BC /* User.storyboard */,
				8500C79122655EE8004597BC /* UserCell.xib */,
				8500C79322655F20004597BC /* UserCell.swift */,
				8500C78F22655E88004597BC /* UserListViewController.swift */,
			);
			path = User;
			sourceTree = "<group>";
		};
		8526FC79225970C700614132 /* WatchList */ = {
			isa = PBXGroup;
			children = (
				8526FC772259708B00614132 /* WatchListViewController.swift */,
				8526FC7A225970E200614132 /* WatchList.storyboard */,
			);
			path = WatchList;
			sourceTree = "<group>";
		};
		8526FC7E2259778000614132 /* CompAndEvents */ = {
			isa = PBXGroup;
			children = (
				85027A6622583A0B009038B6 /* CompetitionAndScoreCard.storyboard */,
				8500C7842263FBA0004597BC /* CompetitionCell.xib */,
				8500C78A2264072C004597BC /* CompetitionCell.swift */,
				8500C7862263FBBE004597BC /* EventCell.xib */,
				8500C7882263FC6B004597BC /* EventCell.swift */,
				8500C782225EEA84004597BC /* CreateCompetitionViewController.swift */,
				8508E917225EBA27005AF5C3 /* Event.storyboard */,
				8508E919225EC335005AF5C3 /* CreateEventViewController.swift */,
				8542D1B42256E8E300A8FBBE /* CompetitionListViewController.swift */,
				8542D1B62256FB0A00A8FBBE /* EventsListViewController.swift */,
			);
			path = CompAndEvents;
			sourceTree = "<group>";
		};
		8526FC7F225977D500614132 /* UserAccount */ = {
			isa = PBXGroup;
			children = (
				8526FC752259705300614132 /* UserAccount.storyboard */,
				8526FC8222597A9C00614132 /* CreateTeamViewController.swift */,
				8526FC8A2259905D00614132 /* TeamMemberCell.swift */,
				8526FC8C225990A000614132 /* TeamMemberCell.xib */,
				8526FC8422598C0400614132 /* RegisteredParticipantsCell.xib */,
				8526FC8822598F1E00614132 /* RegisteredParticipantCell.swift */,
				8526FC80225977F300614132 /* UserAccountViewController.swift */,
			);
			path = UserAccount;
			sourceTree = "<group>";
		};
		85424A8F225589A400E08BBE /* Score Card */ = {
			isa = PBXGroup;
			children = (
				85424A8D2255894F00E08BBE /* ScoreCardViewController.swift */,
				85424A9022558B6700E08BBE /* ScoreCardCell.xib */,
				85424A9222558D3F00E08BBE /* ScoreCardCell.swift */,
			);
			path = "Score Card";
			sourceTree = "<group>";
		};
		9A19930122544CE900CC13AE /* Sync */ = {
			isa = PBXGroup;
			children = (
				9A3569762263DE7F00F0B36E /* InsertNewEvent.swift */,
				9A19930222544D0C00CC13AE /* InsertNewUser.swift */,
				9A199306225450E500CC13AE /* LambdaBase.swift */,
				9AF932152255C3AD0068BE3B /* Authenticate.swift */,
				9AB638432259313C00400810 /* LoginUser.swift */,
				9A356974225EBB5700F0B36E /* DownloadUser.swift */,
			);
			path = Sync;
			sourceTree = "<group>";
		};
		9A33461A222E105D003005B8 /* CoreDataEntities */ = {
			isa = PBXGroup;
			children = (
				9A64890A2263F4BA00483633 /* Event+CoreDataClass.swift */,
				9A64890B2263F4BA00483633 /* Event+CoreDataProperties.swift */,
				9A64890C2263F4BA00483633 /* Competition+CoreDataClass.swift */,
				9A64890D2263F4BA00483633 /* Competition+CoreDataProperties.swift */,
				9A334621222E1686003005B8 /* User+CoreDataClass.swift */,
				9A334622222E1686003005B8 /* User+CoreDataProperties.swift */,
				9AF9321322558CDC0068BE3B /* Protocols.swift */,
			);
			path = CoreDataEntities;
			sourceTree = "<group>";
		};
		9A334625222E233E003005B8 /* AppManagement */ = {
			isa = PBXGroup;
			children = (
				9AB6384A225C4E6700400810 /* EntityInteractor.swift */,
			);
			path = AppManagement;
			sourceTree = "<group>";
		};
		9AB63845225AA15000400810 /* SupportingFiles */ = {
			isa = PBXGroup;
			children = (
				9AB63846225AA19900400810 /* fa-regular-400.ttf */,
				9AB63848225AA1AA00400810 /* fa-solid-900.ttf */,
			);
			path = SupportingFiles;
			sourceTree = "<group>";
		};
		9ACF017F221E377900BB1A87 = {
			isa = PBXGroup;
			children = (
				9ACF018A221E377900BB1A87 /* JudgementDay */,
				9ACF01A2221E377B00BB1A87 /* JudgementDayTests */,
				9ACF01AD221E377B00BB1A87 /* JudgementDayUITests */,
				9ACF0189221E377900BB1A87 /* Products */,
				060354CDF3D38592E13F2A48 /* Pods */,
				1E836DC61795C81BFEC3914F /* Frameworks */,
			);
			sourceTree = "<group>";
		};
		9ACF0189221E377900BB1A87 /* Products */ = {
			isa = PBXGroup;
			children = (
				9ACF0188221E377900BB1A87 /* JudgementDay.app */,
				9ACF019F221E377B00BB1A87 /* JudgementDayTests.xctest */,
				9ACF01AA221E377B00BB1A87 /* JudgementDayUITests.xctest */,
			);
			name = Products;
			sourceTree = "<group>";
		};
		9ACF018A221E377900BB1A87 /* JudgementDay */ = {
			isa = PBXGroup;
			children = (
				9AB63845225AA15000400810 /* SupportingFiles */,
				9A19930122544CE900CC13AE /* Sync */,
				9A334625222E233E003005B8 /* AppManagement */,
				9A33461A222E105D003005B8 /* CoreDataEntities */,
				9AE1D07A222399A2005932D8 /* ViewControllers */,
				9ACF018B221E377900BB1A87 /* AppDelegate.swift */,
				9ACF018D221E377900BB1A87 /* ViewController.swift */,
				9ACF0195221E377B00BB1A87 /* profile_img.jpg */,
				85A33A6A225A572000E3E7EA /* seats.jpg */,
				9ACF0197221E377B00BB1A87 /* LaunchScreen.storyboard */,
				9ACF019A221E377B00BB1A87 /* Info.plist */,
				9ACF0192221E377900BB1A87 /* JudgementDay.xcdatamodeld */,
				9AF23A0322224CB0001A1C39 /* Extensions.swift */,
				9A7077FD2239D40400D7E836 /* JudgementDay-Bridging-Header.h */,
			);
			path = JudgementDay;
			sourceTree = "<group>";
		};
		9ACF01A2221E377B00BB1A87 /* JudgementDayTests */ = {
			isa = PBXGroup;
			children = (
				9ACF01A3221E377B00BB1A87 /* JudgementDayTests.swift */,
				9ACF01A5221E377B00BB1A87 /* Info.plist */,
			);
			path = JudgementDayTests;
			sourceTree = "<group>";
		};
		9ACF01AD221E377B00BB1A87 /* JudgementDayUITests */ = {
			isa = PBXGroup;
			children = (
				9ACF01AE221E377B00BB1A87 /* JudgementDayUITests.swift */,
				9ACF01B0221E377B00BB1A87 /* Info.plist */,
			);
			path = JudgementDayUITests;
			sourceTree = "<group>";
		};
		9AE1D07A222399A2005932D8 /* ViewControllers */ = {
			isa = PBXGroup;
			children = (
				8500C78E22655CB8004597BC /* User */,
				8526FC7E2259778000614132 /* CompAndEvents */,
				8526FC79225970C700614132 /* WatchList */,
				9AE1D07B222399D3005932D8 /* LogInViewController.swift */,
				9ACF018F221E377900BB1A87 /* Main.storyboard */,
				9AE1D07D222399EF005932D8 /* NewUserViewController.swift */,
				8526FC7F225977D500614132 /* UserAccount */,
				85424A8F225589A400E08BBE /* Score Card */,
			);
			path = ViewControllers;
			sourceTree = "<group>";
		};
/* End PBXGroup section */

/* Begin PBXNativeTarget section */
		9ACF0187221E377900BB1A87 /* JudgementDay */ = {
			isa = PBXNativeTarget;
			buildConfigurationList = 9ACF01B3221E377B00BB1A87 /* Build configuration list for PBXNativeTarget "JudgementDay" */;
			buildPhases = (
				8A213CFD3ADA694F1FC20197 /* [CP] Check Pods Manifest.lock */,
				9ACF0184221E377900BB1A87 /* Sources */,
				9ACF0185221E377900BB1A87 /* Frameworks */,
				9ACF0186221E377900BB1A87 /* Resources */,
				7231171BD3541463576495B6 /* [CP] Embed Pods Frameworks */,
			);
			buildRules = (
			);
			dependencies = (
			);
			name = JudgementDay;
			productName = JudgementDay;
			productReference = 9ACF0188221E377900BB1A87 /* JudgementDay.app */;
			productType = "com.apple.product-type.application";
		};
		9ACF019E221E377B00BB1A87 /* JudgementDayTests */ = {
			isa = PBXNativeTarget;
			buildConfigurationList = 9ACF01B6221E377B00BB1A87 /* Build configuration list for PBXNativeTarget "JudgementDayTests" */;
			buildPhases = (
				CD5F241C1B7859A2C7FAF529 /* [CP] Check Pods Manifest.lock */,
				9ACF019B221E377B00BB1A87 /* Sources */,
				9ACF019C221E377B00BB1A87 /* Frameworks */,
				9ACF019D221E377B00BB1A87 /* Resources */,
			);
			buildRules = (
			);
			dependencies = (
				9ACF01A1221E377B00BB1A87 /* PBXTargetDependency */,
			);
			name = JudgementDayTests;
			productName = JudgementDayTests;
			productReference = 9ACF019F221E377B00BB1A87 /* JudgementDayTests.xctest */;
			productType = "com.apple.product-type.bundle.unit-test";
		};
		9ACF01A9221E377B00BB1A87 /* JudgementDayUITests */ = {
			isa = PBXNativeTarget;
			buildConfigurationList = 9ACF01B9221E377B00BB1A87 /* Build configuration list for PBXNativeTarget "JudgementDayUITests" */;
			buildPhases = (
				D2AD9FB01B2B66FDBB9A94D9 /* [CP] Check Pods Manifest.lock */,
				9ACF01A6221E377B00BB1A87 /* Sources */,
				9ACF01A7221E377B00BB1A87 /* Frameworks */,
				9ACF01A8221E377B00BB1A87 /* Resources */,
			);
			buildRules = (
			);
			dependencies = (
				9ACF01AC221E377B00BB1A87 /* PBXTargetDependency */,
			);
			name = JudgementDayUITests;
			productName = JudgementDayUITests;
			productReference = 9ACF01AA221E377B00BB1A87 /* JudgementDayUITests.xctest */;
			productType = "com.apple.product-type.bundle.ui-testing";
		};
/* End PBXNativeTarget section */

/* Begin PBXProject section */
		9ACF0180221E377900BB1A87 /* Project object */ = {
			isa = PBXProject;
			attributes = {
				LastSwiftUpdateCheck = 1010;
				LastUpgradeCheck = 1010;
				ORGANIZATIONNAME = "Weber State";
				TargetAttributes = {
					9ACF0187221E377900BB1A87 = {
						CreatedOnToolsVersion = 10.1;
					};
					9ACF019E221E377B00BB1A87 = {
						CreatedOnToolsVersion = 10.1;
						TestTargetID = 9ACF0187221E377900BB1A87;
					};
					9ACF01A9221E377B00BB1A87 = {
						CreatedOnToolsVersion = 10.1;
						TestTargetID = 9ACF0187221E377900BB1A87;
					};
				};
			};
			buildConfigurationList = 9ACF0183221E377900BB1A87 /* Build configuration list for PBXProject "JudgementDay" */;
			compatibilityVersion = "Xcode 9.3";
			developmentRegion = en;
			hasScannedForEncodings = 0;
			knownRegions = (
				en,
				Base,
			);
			mainGroup = 9ACF017F221E377900BB1A87;
			productRefGroup = 9ACF0189221E377900BB1A87 /* Products */;
			projectDirPath = "";
			projectRoot = "";
			targets = (
				9ACF0187221E377900BB1A87 /* JudgementDay */,
				9ACF019E221E377B00BB1A87 /* JudgementDayTests */,
				9ACF01A9221E377B00BB1A87 /* JudgementDayUITests */,
			);
		};
/* End PBXProject section */

/* Begin PBXResourcesBuildPhase section */
		9ACF0186221E377900BB1A87 /* Resources */ = {
			isa = PBXResourcesBuildPhase;
			buildActionMask = 2147483647;
			files = (
				85027A6722583A0B009038B6 /* CompetitionAndScoreCard.storyboard in Resources */,
				85424A9122558B6700E08BBE /* ScoreCardCell.xib in Resources */,
				8526FC762259705300614132 /* UserAccount.storyboard in Resources */,
				8500C79222655EE8004597BC /* UserCell.xib in Resources */,
				9ACF0199221E377B00BB1A87 /* LaunchScreen.storyboard in Resources */,
				85A33A6B225A572100E3E7EA /* seats.jpg in Resources */,
				8500C78D22655CA6004597BC /* User.storyboard in Resources */,
				8526FC8522598C0400614132 /* RegisteredParticipantsCell.xib in Resources */,
				8526FC8D225990A000614132 /* TeamMemberCell.xib in Resources */,
				8500C7852263FBA0004597BC /* CompetitionCell.xib in Resources */,
				8526FC7B225970E200614132 /* WatchList.storyboard in Resources */,
				9ACF0196221E377B00BB1A87 /* profile_img.jpg in Resources */,
				9AB63849225AA1AA00400810 /* fa-solid-900.ttf in Resources */,
				9ACF0191221E377900BB1A87 /* Main.storyboard in Resources */,
				9AB63847225AA19900400810 /* fa-regular-400.ttf in Resources */,
				8500C7872263FBBE004597BC /* EventCell.xib in Resources */,
				8508E918225EBA27005AF5C3 /* Event.storyboard in Resources */,
			);
			runOnlyForDeploymentPostprocessing = 0;
		};
		9ACF019D221E377B00BB1A87 /* Resources */ = {
			isa = PBXResourcesBuildPhase;
			buildActionMask = 2147483647;
			files = (
			);
			runOnlyForDeploymentPostprocessing = 0;
		};
		9ACF01A8221E377B00BB1A87 /* Resources */ = {
			isa = PBXResourcesBuildPhase;
			buildActionMask = 2147483647;
			files = (
			);
			runOnlyForDeploymentPostprocessing = 0;
		};
/* End PBXResourcesBuildPhase section */

/* Begin PBXShellScriptBuildPhase section */
		7231171BD3541463576495B6 /* [CP] Embed Pods Frameworks */ = {
			isa = PBXShellScriptBuildPhase;
			buildActionMask = 2147483647;
			files = (
			);
			inputFileListPaths = (
			);
			inputPaths = (
				"${PODS_ROOT}/Target Support Files/Pods-JudgementDay/Pods-JudgementDay-frameworks.sh",
				"${BUILT_PRODUCTS_DIR}/AWSCognito/AWSCognito.framework",
				"${BUILT_PRODUCTS_DIR}/AWSCognitoIdentityProvider/AWSCognitoIdentityProvider.framework",
				"${BUILT_PRODUCTS_DIR}/AWSCognitoIdentityProviderASF/AWSCognitoIdentityProviderASF.framework",
				"${BUILT_PRODUCTS_DIR}/AWSCore/AWSCore.framework",
				"${BUILT_PRODUCTS_DIR}/AWSLambda/AWSLambda.framework",
				"${BUILT_PRODUCTS_DIR}/SwiftyPickerPopover/SwiftyPickerPopover.framework",
			);
			name = "[CP] Embed Pods Frameworks";
			outputFileListPaths = (
			);
			outputPaths = (
				"${TARGET_BUILD_DIR}/${FRAMEWORKS_FOLDER_PATH}/AWSCognito.framework",
				"${TARGET_BUILD_DIR}/${FRAMEWORKS_FOLDER_PATH}/AWSCognitoIdentityProvider.framework",
				"${TARGET_BUILD_DIR}/${FRAMEWORKS_FOLDER_PATH}/AWSCognitoIdentityProviderASF.framework",
				"${TARGET_BUILD_DIR}/${FRAMEWORKS_FOLDER_PATH}/AWSCore.framework",
				"${TARGET_BUILD_DIR}/${FRAMEWORKS_FOLDER_PATH}/AWSLambda.framework",
				"${TARGET_BUILD_DIR}/${FRAMEWORKS_FOLDER_PATH}/SwiftyPickerPopover.framework",
			);
			runOnlyForDeploymentPostprocessing = 0;
			shellPath = /bin/sh;
			shellScript = "\"${PODS_ROOT}/Target Support Files/Pods-JudgementDay/Pods-JudgementDay-frameworks.sh\"\n";
			showEnvVarsInLog = 0;
		};
		8A213CFD3ADA694F1FC20197 /* [CP] Check Pods Manifest.lock */ = {
			isa = PBXShellScriptBuildPhase;
			buildActionMask = 2147483647;
			files = (
			);
			inputFileListPaths = (
			);
			inputPaths = (
				"${PODS_PODFILE_DIR_PATH}/Podfile.lock",
				"${PODS_ROOT}/Manifest.lock",
			);
			name = "[CP] Check Pods Manifest.lock";
			outputFileListPaths = (
			);
			outputPaths = (
				"$(DERIVED_FILE_DIR)/Pods-JudgementDay-checkManifestLockResult.txt",
			);
			runOnlyForDeploymentPostprocessing = 0;
			shellPath = /bin/sh;
			shellScript = "diff \"${PODS_PODFILE_DIR_PATH}/Podfile.lock\" \"${PODS_ROOT}/Manifest.lock\" > /dev/null\nif [ $? != 0 ] ; then\n    # print error to STDERR\n    echo \"error: The sandbox is not in sync with the Podfile.lock. Run 'pod install' or update your CocoaPods installation.\" >&2\n    exit 1\nfi\n# This output is used by Xcode 'outputs' to avoid re-running this script phase.\necho \"SUCCESS\" > \"${SCRIPT_OUTPUT_FILE_0}\"\n";
			showEnvVarsInLog = 0;
		};
		CD5F241C1B7859A2C7FAF529 /* [CP] Check Pods Manifest.lock */ = {
			isa = PBXShellScriptBuildPhase;
			buildActionMask = 2147483647;
			files = (
			);
			inputFileListPaths = (
			);
			inputPaths = (
				"${PODS_PODFILE_DIR_PATH}/Podfile.lock",
				"${PODS_ROOT}/Manifest.lock",
			);
			name = "[CP] Check Pods Manifest.lock";
			outputFileListPaths = (
			);
			outputPaths = (
				"$(DERIVED_FILE_DIR)/Pods-JudgementDayTests-checkManifestLockResult.txt",
			);
			runOnlyForDeploymentPostprocessing = 0;
			shellPath = /bin/sh;
			shellScript = "diff \"${PODS_PODFILE_DIR_PATH}/Podfile.lock\" \"${PODS_ROOT}/Manifest.lock\" > /dev/null\nif [ $? != 0 ] ; then\n    # print error to STDERR\n    echo \"error: The sandbox is not in sync with the Podfile.lock. Run 'pod install' or update your CocoaPods installation.\" >&2\n    exit 1\nfi\n# This output is used by Xcode 'outputs' to avoid re-running this script phase.\necho \"SUCCESS\" > \"${SCRIPT_OUTPUT_FILE_0}\"\n";
			showEnvVarsInLog = 0;
		};
		D2AD9FB01B2B66FDBB9A94D9 /* [CP] Check Pods Manifest.lock */ = {
			isa = PBXShellScriptBuildPhase;
			buildActionMask = 2147483647;
			files = (
			);
			inputFileListPaths = (
			);
			inputPaths = (
				"${PODS_PODFILE_DIR_PATH}/Podfile.lock",
				"${PODS_ROOT}/Manifest.lock",
			);
			name = "[CP] Check Pods Manifest.lock";
			outputFileListPaths = (
			);
			outputPaths = (
				"$(DERIVED_FILE_DIR)/Pods-JudgementDayUITests-checkManifestLockResult.txt",
			);
			runOnlyForDeploymentPostprocessing = 0;
			shellPath = /bin/sh;
			shellScript = "diff \"${PODS_PODFILE_DIR_PATH}/Podfile.lock\" \"${PODS_ROOT}/Manifest.lock\" > /dev/null\nif [ $? != 0 ] ; then\n    # print error to STDERR\n    echo \"error: The sandbox is not in sync with the Podfile.lock. Run 'pod install' or update your CocoaPods installation.\" >&2\n    exit 1\nfi\n# This output is used by Xcode 'outputs' to avoid re-running this script phase.\necho \"SUCCESS\" > \"${SCRIPT_OUTPUT_FILE_0}\"\n";
			showEnvVarsInLog = 0;
		};
/* End PBXShellScriptBuildPhase section */

/* Begin PBXSourcesBuildPhase section */
		9ACF0184221E377900BB1A87 /* Sources */ = {
			isa = PBXSourcesBuildPhase;
			buildActionMask = 2147483647;
			files = (
				9ACF018E221E377900BB1A87 /* ViewController.swift in Sources */,
				9A199307225450E500CC13AE /* LambdaBase.swift in Sources */,
				8500C783225EEA84004597BC /* CreateCompetitionViewController.swift in Sources */,
				9A6489112263F4BA00483633 /* Competition+CoreDataProperties.swift in Sources */,
				9A64890F2263F4BA00483633 /* Event+CoreDataProperties.swift in Sources */,
				9ACF0194221E377900BB1A87 /* JudgementDay.xcdatamodeld in Sources */,
				9A3569772263DE7F00F0B36E /* InsertNewEvent.swift in Sources */,
				9AF9321422558CDC0068BE3B /* Protocols.swift in Sources */,
				9A356975225EBB5700F0B36E /* DownloadUser.swift in Sources */,
				8526FC8B2259905D00614132 /* TeamMemberCell.swift in Sources */,
				8500C78B2264072C004597BC /* CompetitionCell.swift in Sources */,
				8500C79422655F20004597BC /* UserCell.swift in Sources */,
				8500C79022655E88004597BC /* UserListViewController.swift in Sources */,
				9AB6384B225C4E6700400810 /* EntityInteractor.swift in Sources */,
				9A334624222E1686003005B8 /* User+CoreDataProperties.swift in Sources */,
				9ACF018C221E377900BB1A87 /* AppDelegate.swift in Sources */,
				8500C7892263FC6B004597BC /* EventCell.swift in Sources */,
				8542D1B72256FB0A00A8FBBE /* EventsListViewController.swift in Sources */,
				85424A8E2255894F00E08BBE /* ScoreCardViewController.swift in Sources */,
				9AE1D07C222399D3005932D8 /* LogInViewController.swift in Sources */,
				9A6489102263F4BA00483633 /* Competition+CoreDataClass.swift in Sources */,
				9AE1D07E222399EF005932D8 /* NewUserViewController.swift in Sources */,
				8526FC782259708B00614132 /* WatchListViewController.swift in Sources */,
				8526FC8322597A9C00614132 /* CreateTeamViewController.swift in Sources */,
				9AF932162255C3AD0068BE3B /* Authenticate.swift in Sources */,
				9AB638442259313C00400810 /* LoginUser.swift in Sources */,
				9AF23A0422224CB0001A1C39 /* Extensions.swift in Sources */,
				9A19930322544D0C00CC13AE /* InsertNewUser.swift in Sources */,
				85424A9322558D3F00E08BBE /* ScoreCardCell.swift in Sources */,
				9A64890E2263F4BA00483633 /* Event+CoreDataClass.swift in Sources */,
				8542D1B52256E8E300A8FBBE /* CompetitionListViewController.swift in Sources */,
				9A334623222E1686003005B8 /* User+CoreDataClass.swift in Sources */,
				8526FC81225977F300614132 /* UserAccountViewController.swift in Sources */,
				8508E91A225EC335005AF5C3 /* CreateEventViewController.swift in Sources */,
				8526FC8922598F1E00614132 /* RegisteredParticipantCell.swift in Sources */,
			);
			runOnlyForDeploymentPostprocessing = 0;
		};
		9ACF019B221E377B00BB1A87 /* Sources */ = {
			isa = PBXSourcesBuildPhase;
			buildActionMask = 2147483647;
			files = (
				9ACF01A4221E377B00BB1A87 /* JudgementDayTests.swift in Sources */,
			);
			runOnlyForDeploymentPostprocessing = 0;
		};
		9ACF01A6221E377B00BB1A87 /* Sources */ = {
			isa = PBXSourcesBuildPhase;
			buildActionMask = 2147483647;
			files = (
				9ACF01AF221E377B00BB1A87 /* JudgementDayUITests.swift in Sources */,
			);
			runOnlyForDeploymentPostprocessing = 0;
		};
/* End PBXSourcesBuildPhase section */

/* Begin PBXTargetDependency section */
		9ACF01A1221E377B00BB1A87 /* PBXTargetDependency */ = {
			isa = PBXTargetDependency;
			target = 9ACF0187221E377900BB1A87 /* JudgementDay */;
			targetProxy = 9ACF01A0221E377B00BB1A87 /* PBXContainerItemProxy */;
		};
		9ACF01AC221E377B00BB1A87 /* PBXTargetDependency */ = {
			isa = PBXTargetDependency;
			target = 9ACF0187221E377900BB1A87 /* JudgementDay */;
			targetProxy = 9ACF01AB221E377B00BB1A87 /* PBXContainerItemProxy */;
		};
/* End PBXTargetDependency section */

/* Begin PBXVariantGroup section */
		9ACF018F221E377900BB1A87 /* Main.storyboard */ = {
			isa = PBXVariantGroup;
			children = (
				9ACF0190221E377900BB1A87 /* Base */,
			);
			name = Main.storyboard;
			sourceTree = "<group>";
		};
		9ACF0197221E377B00BB1A87 /* LaunchScreen.storyboard */ = {
			isa = PBXVariantGroup;
			children = (
				9ACF0198221E377B00BB1A87 /* Base */,
			);
			name = LaunchScreen.storyboard;
			sourceTree = "<group>";
		};
/* End PBXVariantGroup section */

/* Begin XCBuildConfiguration section */
		9ACF01B1221E377B00BB1A87 /* Debug */ = {
			isa = XCBuildConfiguration;
			buildSettings = {
				ALWAYS_SEARCH_USER_PATHS = NO;
				CLANG_ANALYZER_NONNULL = YES;
				CLANG_ANALYZER_NUMBER_OBJECT_CONVERSION = YES_AGGRESSIVE;
				CLANG_CXX_LANGUAGE_STANDARD = "gnu++14";
				CLANG_CXX_LIBRARY = "libc++";
				CLANG_ENABLE_MODULES = YES;
				CLANG_ENABLE_OBJC_ARC = YES;
				CLANG_ENABLE_OBJC_WEAK = YES;
				CLANG_WARN_BLOCK_CAPTURE_AUTORELEASING = YES;
				CLANG_WARN_BOOL_CONVERSION = YES;
				CLANG_WARN_COMMA = YES;
				CLANG_WARN_CONSTANT_CONVERSION = YES;
				CLANG_WARN_DEPRECATED_OBJC_IMPLEMENTATIONS = YES;
				CLANG_WARN_DIRECT_OBJC_ISA_USAGE = YES_ERROR;
				CLANG_WARN_DOCUMENTATION_COMMENTS = YES;
				CLANG_WARN_EMPTY_BODY = YES;
				CLANG_WARN_ENUM_CONVERSION = YES;
				CLANG_WARN_INFINITE_RECURSION = YES;
				CLANG_WARN_INT_CONVERSION = YES;
				CLANG_WARN_NON_LITERAL_NULL_CONVERSION = YES;
				CLANG_WARN_OBJC_IMPLICIT_RETAIN_SELF = YES;
				CLANG_WARN_OBJC_LITERAL_CONVERSION = YES;
				CLANG_WARN_OBJC_ROOT_CLASS = YES_ERROR;
				CLANG_WARN_RANGE_LOOP_ANALYSIS = YES;
				CLANG_WARN_STRICT_PROTOTYPES = YES;
				CLANG_WARN_SUSPICIOUS_MOVE = YES;
				CLANG_WARN_UNGUARDED_AVAILABILITY = YES_AGGRESSIVE;
				CLANG_WARN_UNREACHABLE_CODE = YES;
				CLANG_WARN__DUPLICATE_METHOD_MATCH = YES;
				CODE_SIGN_IDENTITY = "iPhone Developer";
				COPY_PHASE_STRIP = NO;
				DEBUG_INFORMATION_FORMAT = dwarf;
				ENABLE_STRICT_OBJC_MSGSEND = YES;
				ENABLE_TESTABILITY = YES;
				GCC_C_LANGUAGE_STANDARD = gnu11;
				GCC_DYNAMIC_NO_PIC = NO;
				GCC_NO_COMMON_BLOCKS = YES;
				GCC_OPTIMIZATION_LEVEL = 0;
				GCC_PREPROCESSOR_DEFINITIONS = (
					"DEBUG=1",
					"$(inherited)",
				);
				GCC_WARN_64_TO_32_BIT_CONVERSION = YES;
				GCC_WARN_ABOUT_RETURN_TYPE = YES_ERROR;
				GCC_WARN_UNDECLARED_SELECTOR = YES;
				GCC_WARN_UNINITIALIZED_AUTOS = YES_AGGRESSIVE;
				GCC_WARN_UNUSED_FUNCTION = YES;
				GCC_WARN_UNUSED_VARIABLE = YES;
				IPHONEOS_DEPLOYMENT_TARGET = 12.1;
				MTL_ENABLE_DEBUG_INFO = INCLUDE_SOURCE;
				MTL_FAST_MATH = YES;
				ONLY_ACTIVE_ARCH = YES;
				SDKROOT = iphoneos;
				SWIFT_ACTIVE_COMPILATION_CONDITIONS = DEBUG;
				SWIFT_OPTIMIZATION_LEVEL = "-Onone";
			};
			name = Debug;
		};
		9ACF01B2221E377B00BB1A87 /* Release */ = {
			isa = XCBuildConfiguration;
			buildSettings = {
				ALWAYS_SEARCH_USER_PATHS = NO;
				CLANG_ANALYZER_NONNULL = YES;
				CLANG_ANALYZER_NUMBER_OBJECT_CONVERSION = YES_AGGRESSIVE;
				CLANG_CXX_LANGUAGE_STANDARD = "gnu++14";
				CLANG_CXX_LIBRARY = "libc++";
				CLANG_ENABLE_MODULES = YES;
				CLANG_ENABLE_OBJC_ARC = YES;
				CLANG_ENABLE_OBJC_WEAK = YES;
				CLANG_WARN_BLOCK_CAPTURE_AUTORELEASING = YES;
				CLANG_WARN_BOOL_CONVERSION = YES;
				CLANG_WARN_COMMA = YES;
				CLANG_WARN_CONSTANT_CONVERSION = YES;
				CLANG_WARN_DEPRECATED_OBJC_IMPLEMENTATIONS = YES;
				CLANG_WARN_DIRECT_OBJC_ISA_USAGE = YES_ERROR;
				CLANG_WARN_DOCUMENTATION_COMMENTS = YES;
				CLANG_WARN_EMPTY_BODY = YES;
				CLANG_WARN_ENUM_CONVERSION = YES;
				CLANG_WARN_INFINITE_RECURSION = YES;
				CLANG_WARN_INT_CONVERSION = YES;
				CLANG_WARN_NON_LITERAL_NULL_CONVERSION = YES;
				CLANG_WARN_OBJC_IMPLICIT_RETAIN_SELF = YES;
				CLANG_WARN_OBJC_LITERAL_CONVERSION = YES;
				CLANG_WARN_OBJC_ROOT_CLASS = YES_ERROR;
				CLANG_WARN_RANGE_LOOP_ANALYSIS = YES;
				CLANG_WARN_STRICT_PROTOTYPES = YES;
				CLANG_WARN_SUSPICIOUS_MOVE = YES;
				CLANG_WARN_UNGUARDED_AVAILABILITY = YES_AGGRESSIVE;
				CLANG_WARN_UNREACHABLE_CODE = YES;
				CLANG_WARN__DUPLICATE_METHOD_MATCH = YES;
				CODE_SIGN_IDENTITY = "iPhone Developer";
				COPY_PHASE_STRIP = NO;
				DEBUG_INFORMATION_FORMAT = "dwarf-with-dsym";
				ENABLE_NS_ASSERTIONS = NO;
				ENABLE_STRICT_OBJC_MSGSEND = YES;
				GCC_C_LANGUAGE_STANDARD = gnu11;
				GCC_NO_COMMON_BLOCKS = YES;
				GCC_WARN_64_TO_32_BIT_CONVERSION = YES;
				GCC_WARN_ABOUT_RETURN_TYPE = YES_ERROR;
				GCC_WARN_UNDECLARED_SELECTOR = YES;
				GCC_WARN_UNINITIALIZED_AUTOS = YES_AGGRESSIVE;
				GCC_WARN_UNUSED_FUNCTION = YES;
				GCC_WARN_UNUSED_VARIABLE = YES;
				IPHONEOS_DEPLOYMENT_TARGET = 12.1;
				MTL_ENABLE_DEBUG_INFO = NO;
				MTL_FAST_MATH = YES;
				SDKROOT = iphoneos;
				SWIFT_COMPILATION_MODE = wholemodule;
				SWIFT_OPTIMIZATION_LEVEL = "-O";
				VALIDATE_PRODUCT = YES;
			};
			name = Release;
		};
		9ACF01B4221E377B00BB1A87 /* Debug */ = {
			isa = XCBuildConfiguration;
			baseConfigurationReference = 733733B8C549B88617170F7D /* Pods-JudgementDay.debug.xcconfig */;
			buildSettings = {
				ASSETCATALOG_COMPILER_APPICON_NAME = AppIcon;
				CODE_SIGN_IDENTITY = "iPhone Developer";
				CODE_SIGN_STYLE = Automatic;
				DEVELOPMENT_TEAM = W7UF55P2U7;
				INFOPLIST_FILE = JudgementDay/Info.plist;
				LD_RUNPATH_SEARCH_PATHS = (
					"$(inherited)",
					"@executable_path/Frameworks",
				);
				PRODUCT_BUNDLE_IDENTIFIER = edu.weber.JudgementDay;
				PRODUCT_MODULE_NAME = JudgementDay;
				PRODUCT_NAME = "$(TARGET_NAME)";
				PROVISIONING_PROFILE_SPECIFIER = "";
				SWIFT_OBJC_BRIDGING_HEADER = "JudgementDay/JudgementDay-Bridging-Header.h";
				SWIFT_VERSION = 4.2;
				TARGETED_DEVICE_FAMILY = "1,2";
			};
			name = Debug;
		};
		9ACF01B5221E377B00BB1A87 /* Release */ = {
			isa = XCBuildConfiguration;
			baseConfigurationReference = 3E0B2FEC7022335343A7C57B /* Pods-JudgementDay.release.xcconfig */;
			buildSettings = {
				ASSETCATALOG_COMPILER_APPICON_NAME = AppIcon;
				CODE_SIGN_IDENTITY = "iPhone Developer";
				CODE_SIGN_STYLE = Automatic;
				DEVELOPMENT_TEAM = W7UF55P2U7;
				INFOPLIST_FILE = JudgementDay/Info.plist;
				LD_RUNPATH_SEARCH_PATHS = (
					"$(inherited)",
					"@executable_path/Frameworks",
				);
				PRODUCT_BUNDLE_IDENTIFIER = edu.weber.JudgementDay;
				PRODUCT_MODULE_NAME = JudgementDay;
				PRODUCT_NAME = "$(TARGET_NAME)";
				PROVISIONING_PROFILE_SPECIFIER = "";
				SWIFT_OBJC_BRIDGING_HEADER = "JudgementDay/JudgementDay-Bridging-Header.h";
				SWIFT_VERSION = 4.2;
				TARGETED_DEVICE_FAMILY = "1,2";
			};
			name = Release;
		};
		9ACF01B7221E377B00BB1A87 /* Debug */ = {
			isa = XCBuildConfiguration;
			baseConfigurationReference = 7334CBCBEE8B7ACD0370F841 /* Pods-JudgementDayTests.debug.xcconfig */;
			buildSettings = {
				ALWAYS_EMBED_SWIFT_STANDARD_LIBRARIES = YES;
				BUNDLE_LOADER = "$(TEST_HOST)";
				CODE_SIGN_STYLE = Automatic;
				DEVELOPMENT_TEAM = 997BXPF289;
				INFOPLIST_FILE = JudgementDayTests/Info.plist;
				LD_RUNPATH_SEARCH_PATHS = (
					"$(inherited)",
					"@executable_path/Frameworks",
					"@loader_path/Frameworks",
				);
				PRODUCT_BUNDLE_IDENTIFIER = edu.weber.JudgementDayTests;
				PRODUCT_NAME = "$(TARGET_NAME)";
				SWIFT_VERSION = 4.2;
				TARGETED_DEVICE_FAMILY = "1,2";
				TEST_HOST = "$(BUILT_PRODUCTS_DIR)/JudgementDay.app/JudgementDay";
			};
			name = Debug;
		};
		9ACF01B8221E377B00BB1A87 /* Release */ = {
			isa = XCBuildConfiguration;
			baseConfigurationReference = 7F50741E4357BB0C63004D5C /* Pods-JudgementDayTests.release.xcconfig */;
			buildSettings = {
				ALWAYS_EMBED_SWIFT_STANDARD_LIBRARIES = YES;
				BUNDLE_LOADER = "$(TEST_HOST)";
				CODE_SIGN_STYLE = Automatic;
				DEVELOPMENT_TEAM = 997BXPF289;
				INFOPLIST_FILE = JudgementDayTests/Info.plist;
				LD_RUNPATH_SEARCH_PATHS = (
					"$(inherited)",
					"@executable_path/Frameworks",
					"@loader_path/Frameworks",
				);
				PRODUCT_BUNDLE_IDENTIFIER = edu.weber.JudgementDayTests;
				PRODUCT_NAME = "$(TARGET_NAME)";
				SWIFT_VERSION = 4.2;
				TARGETED_DEVICE_FAMILY = "1,2";
				TEST_HOST = "$(BUILT_PRODUCTS_DIR)/JudgementDay.app/JudgementDay";
			};
			name = Release;
		};
		9ACF01BA221E377B00BB1A87 /* Debug */ = {
			isa = XCBuildConfiguration;
			baseConfigurationReference = C25CB758B72CFB722068D1C8 /* Pods-JudgementDayUITests.debug.xcconfig */;
			buildSettings = {
				ALWAYS_EMBED_SWIFT_STANDARD_LIBRARIES = YES;
				CODE_SIGN_STYLE = Automatic;
				DEVELOPMENT_TEAM = 997BXPF289;
				INFOPLIST_FILE = JudgementDayUITests/Info.plist;
				LD_RUNPATH_SEARCH_PATHS = (
					"$(inherited)",
					"@executable_path/Frameworks",
					"@loader_path/Frameworks",
				);
				PRODUCT_BUNDLE_IDENTIFIER = edu.weber.JudgementDayUITests;
				PRODUCT_NAME = "$(TARGET_NAME)";
				SWIFT_VERSION = 4.2;
				TARGETED_DEVICE_FAMILY = "1,2";
				TEST_TARGET_NAME = JudgementDay;
			};
			name = Debug;
		};
		9ACF01BB221E377B00BB1A87 /* Release */ = {
			isa = XCBuildConfiguration;
			baseConfigurationReference = B635D67A398D3E5B7A9FA8E3 /* Pods-JudgementDayUITests.release.xcconfig */;
			buildSettings = {
				ALWAYS_EMBED_SWIFT_STANDARD_LIBRARIES = YES;
				CODE_SIGN_STYLE = Automatic;
				DEVELOPMENT_TEAM = 997BXPF289;
				INFOPLIST_FILE = JudgementDayUITests/Info.plist;
				LD_RUNPATH_SEARCH_PATHS = (
					"$(inherited)",
					"@executable_path/Frameworks",
					"@loader_path/Frameworks",
				);
				PRODUCT_BUNDLE_IDENTIFIER = edu.weber.JudgementDayUITests;
				PRODUCT_NAME = "$(TARGET_NAME)";
				SWIFT_VERSION = 4.2;
				TARGETED_DEVICE_FAMILY = "1,2";
				TEST_TARGET_NAME = JudgementDay;
			};
			name = Release;
		};
/* End XCBuildConfiguration section */

/* Begin XCConfigurationList section */
		9ACF0183221E377900BB1A87 /* Build configuration list for PBXProject "JudgementDay" */ = {
			isa = XCConfigurationList;
			buildConfigurations = (
				9ACF01B1221E377B00BB1A87 /* Debug */,
				9ACF01B2221E377B00BB1A87 /* Release */,
			);
			defaultConfigurationIsVisible = 0;
			defaultConfigurationName = Release;
		};
		9ACF01B3221E377B00BB1A87 /* Build configuration list for PBXNativeTarget "JudgementDay" */ = {
			isa = XCConfigurationList;
			buildConfigurations = (
				9ACF01B4221E377B00BB1A87 /* Debug */,
				9ACF01B5221E377B00BB1A87 /* Release */,
			);
			defaultConfigurationIsVisible = 0;
			defaultConfigurationName = Release;
		};
		9ACF01B6221E377B00BB1A87 /* Build configuration list for PBXNativeTarget "JudgementDayTests" */ = {
			isa = XCConfigurationList;
			buildConfigurations = (
				9ACF01B7221E377B00BB1A87 /* Debug */,
				9ACF01B8221E377B00BB1A87 /* Release */,
			);
			defaultConfigurationIsVisible = 0;
			defaultConfigurationName = Release;
		};
		9ACF01B9221E377B00BB1A87 /* Build configuration list for PBXNativeTarget "JudgementDayUITests" */ = {
			isa = XCConfigurationList;
			buildConfigurations = (
				9ACF01BA221E377B00BB1A87 /* Debug */,
				9ACF01BB221E377B00BB1A87 /* Release */,
			);
			defaultConfigurationIsVisible = 0;
			defaultConfigurationName = Release;
		};
/* End XCConfigurationList section */

/* Begin XCVersionGroup section */
		9ACF0192221E377900BB1A87 /* JudgementDay.xcdatamodeld */ = {
			isa = XCVersionGroup;
			children = (
				9ACF0193221E377900BB1A87 /* JudgementDay.xcdatamodel */,
			);
			currentVersion = 9ACF0193221E377900BB1A87 /* JudgementDay.xcdatamodel */;
			path = JudgementDay.xcdatamodeld;
			sourceTree = "<group>";
			versionGroupType = wrapper.xcdatamodel;
		};
/* End XCVersionGroup section */
	};
	rootObject = 9ACF0180221E377900BB1A87 /* Project object */;
}
